// !$*UTF8*$!
{
	archiveVersion = 1;
	classes = {
	};
	objectVersion = 56;
	objects = {

/* Begin PBXBuildFile section */
		D5B2C41D2C1EB25C005C090A /* SearchOptionsView.swift in Sources */ = {isa = PBXBuildFile; fileRef = D5B2C41C2C1EB25C005C090A /* SearchOptionsView.swift */; };
		D5B2C41F2C1EBA1E005C090A /* SearchBarView.swift in Sources */ = {isa = PBXBuildFile; fileRef = D5B2C41E2C1EBA1E005C090A /* SearchBarView.swift */; };
		D5B2C4212C1EC05F005C090A /* PlaceListView.swift in Sources */ = {isa = PBXBuildFile; fileRef = D5B2C4202C1EC05F005C090A /* PlaceListView.swift */; };
		D5B2C4232C1EC725005C090A /* MeasurmentFormatter.swift in Sources */ = {isa = PBXBuildFile; fileRef = D5B2C4222C1EC724005C090A /* MeasurmentFormatter.swift */; };
		D5B2C4252C1ED641005C090A /* SelectedPlaceDetailView.swift in Sources */ = {isa = PBXBuildFile; fileRef = D5B2C4242C1ED641005C090A /* SelectedPlaceDetailView.swift */; };
		D5B2C4272C1EFDA7005C090A /* ActionButtonsView.swift in Sources */ = {isa = PBXBuildFile; fileRef = D5B2C4262C1EFDA6005C090A /* ActionButtonsView.swift */; };
		D5D351002C1E11AA00839D80 /* NearMeSwiftUIApp.swift in Sources */ = {isa = PBXBuildFile; fileRef = D5D350FF2C1E11AA00839D80 /* NearMeSwiftUIApp.swift */; };
		D5D351022C1E11AA00839D80 /* ContentView.swift in Sources */ = {isa = PBXBuildFile; fileRef = D5D351012C1E11AA00839D80 /* ContentView.swift */; };
		D5D351042C1E11AE00839D80 /* Assets.xcassets in Resources */ = {isa = PBXBuildFile; fileRef = D5D351032C1E11AE00839D80 /* Assets.xcassets */; };
		D5D351072C1E11AE00839D80 /* Preview Assets.xcassets in Resources */ = {isa = PBXBuildFile; fileRef = D5D351062C1E11AE00839D80 /* Preview Assets.xcassets */; };
		D5D3510F2C1E18C400839D80 /* LocationManager.swift in Sources */ = {isa = PBXBuildFile; fileRef = D5D3510E2C1E18C400839D80 /* LocationManager.swift */; };
		D5D351122C1E22DC00839D80 /* MKCoordinateRegion.swift in Sources */ = {isa = PBXBuildFile; fileRef = D5D351112C1E22DC00839D80 /* MKCoordinateRegion.swift */; };
		D5D351152C1E23E500839D80 /* MapUtilities.swift in Sources */ = {isa = PBXBuildFile; fileRef = D5D351142C1E23E500839D80 /* MapUtilities.swift */; };
		D5D351182C1E38D200839D80 /* PlaceView.swift in Sources */ = {isa = PBXBuildFile; fileRef = D5D351172C1E38D200839D80 /* PlaceView.swift */; };
		D5D3511A2C1E399E00839D80 /* MKMapItem.swift in Sources */ = {isa = PBXBuildFile; fileRef = D5D351192C1E399E00839D80 /* MKMapItem.swift */; };
/* End PBXBuildFile section */

/* Begin PBXFileReference section */
		D5B2C41C2C1EB25C005C090A /* SearchOptionsView.swift */ = {isa = PBXFileReference; lastKnownFileType = sourcecode.swift; path = SearchOptionsView.swift; sourceTree = "<group>"; };
		D5B2C41E2C1EBA1E005C090A /* SearchBarView.swift */ = {isa = PBXFileReference; lastKnownFileType = sourcecode.swift; path = SearchBarView.swift; sourceTree = "<group>"; };
		D5B2C4202C1EC05F005C090A /* PlaceListView.swift */ = {isa = PBXFileReference; lastKnownFileType = sourcecode.swift; path = PlaceListView.swift; sourceTree = "<group>"; };
		D5B2C4222C1EC724005C090A /* MeasurmentFormatter.swift */ = {isa = PBXFileReference; lastKnownFileType = sourcecode.swift; path = MeasurmentFormatter.swift; sourceTree = "<group>"; };
		D5B2C4242C1ED641005C090A /* SelectedPlaceDetailView.swift */ = {isa = PBXFileReference; lastKnownFileType = sourcecode.swift; path = SelectedPlaceDetailView.swift; sourceTree = "<group>"; };
		D5B2C4262C1EFDA6005C090A /* ActionButtonsView.swift */ = {isa = PBXFileReference; lastKnownFileType = sourcecode.swift; path = ActionButtonsView.swift; sourceTree = "<group>"; };
		D5D350FC2C1E11AA00839D80 /* NearMeSwiftUI.app */ = {isa = PBXFileReference; explicitFileType = wrapper.application; includeInIndex = 0; path = NearMeSwiftUI.app; sourceTree = BUILT_PRODUCTS_DIR; };
		D5D350FF2C1E11AA00839D80 /* NearMeSwiftUIApp.swift */ = {isa = PBXFileReference; lastKnownFileType = sourcecode.swift; path = NearMeSwiftUIApp.swift; sourceTree = "<group>"; };
		D5D351012C1E11AA00839D80 /* ContentView.swift */ = {isa = PBXFileReference; lastKnownFileType = sourcecode.swift; path = ContentView.swift; sourceTree = "<group>"; };
		D5D351032C1E11AE00839D80 /* Assets.xcassets */ = {isa = PBXFileReference; lastKnownFileType = folder.assetcatalog; path = Assets.xcassets; sourceTree = "<group>"; };
		D5D351062C1E11AE00839D80 /* Preview Assets.xcassets */ = {isa = PBXFileReference; lastKnownFileType = folder.assetcatalog; path = "Preview Assets.xcassets"; sourceTree = "<group>"; };
		D5D3510E2C1E18C400839D80 /* LocationManager.swift */ = {isa = PBXFileReference; lastKnownFileType = sourcecode.swift; path = LocationManager.swift; sourceTree = "<group>"; };
		D5D351112C1E22DC00839D80 /* MKCoordinateRegion.swift */ = {isa = PBXFileReference; lastKnownFileType = sourcecode.swift; path = MKCoordinateRegion.swift; sourceTree = "<group>"; };
		D5D351142C1E23E500839D80 /* MapUtilities.swift */ = {isa = PBXFileReference; lastKnownFileType = sourcecode.swift; path = MapUtilities.swift; sourceTree = "<group>"; };
		D5D351172C1E38D200839D80 /* PlaceView.swift */ = {isa = PBXFileReference; lastKnownFileType = sourcecode.swift; path = PlaceView.swift; sourceTree = "<group>"; };
		D5D351192C1E399E00839D80 /* MKMapItem.swift */ = {isa = PBXFileReference; lastKnownFileType = sourcecode.swift; path = MKMapItem.swift; sourceTree = "<group>"; };
/* End PBXFileReference section */

/* Begin PBXFrameworksBuildPhase section */
		D5D350F92C1E11AA00839D80 /* Frameworks */ = {
			isa = PBXFrameworksBuildPhase;
			buildActionMask = 2147483647;
			files = (
			);
			runOnlyForDeploymentPostprocessing = 0;
		};
/* End PBXFrameworksBuildPhase section */

/* Begin PBXGroup section */
		D5D350F32C1E11AA00839D80 = {
			isa = PBXGroup;
			children = (
				D5D350FE2C1E11AA00839D80 /* NearMeSwiftUI */,
				D5D350FD2C1E11AA00839D80 /* Products */,
			);
			sourceTree = "<group>";
		};
		D5D350FD2C1E11AA00839D80 /* Products */ = {
			isa = PBXGroup;
			children = (
				D5D350FC2C1E11AA00839D80 /* NearMeSwiftUI.app */,
			);
			name = Products;
			sourceTree = "<group>";
		};
		D5D350FE2C1E11AA00839D80 /* NearMeSwiftUI */ = {
			isa = PBXGroup;
			children = (
				D5D351162C1E38C400839D80 /* Views */,
				D5D351132C1E23CF00839D80 /* Utils */,
				D5D351102C1E22C700839D80 /* Extensions */,
				D5D3510D2C1E18B300839D80 /* Managers */,
				D5D350FF2C1E11AA00839D80 /* NearMeSwiftUIApp.swift */,
				D5D351012C1E11AA00839D80 /* ContentView.swift */,
				D5D351032C1E11AE00839D80 /* Assets.xcassets */,
				D5D351052C1E11AE00839D80 /* Preview Content */,
			);
			path = NearMeSwiftUI;
			sourceTree = "<group>";
		};
		D5D351052C1E11AE00839D80 /* Preview Content */ = {
			isa = PBXGroup;
			children = (
				D5D351062C1E11AE00839D80 /* Preview Assets.xcassets */,
			);
			path = "Preview Content";
			sourceTree = "<group>";
		};
		D5D3510D2C1E18B300839D80 /* Managers */ = {
			isa = PBXGroup;
			children = (
				D5D3510E2C1E18C400839D80 /* LocationManager.swift */,
			);
			path = Managers;
			sourceTree = "<group>";
		};
		D5D351102C1E22C700839D80 /* Extensions */ = {
			isa = PBXGroup;
			children = (
				D5D351112C1E22DC00839D80 /* MKCoordinateRegion.swift */,
				D5D351192C1E399E00839D80 /* MKMapItem.swift */,
				D5B2C4222C1EC724005C090A /* MeasurmentFormatter.swift */,
			);
			path = Extensions;
			sourceTree = "<group>";
		};
		D5D351132C1E23CF00839D80 /* Utils */ = {
			isa = PBXGroup;
			children = (
				D5D351142C1E23E500839D80 /* MapUtilities.swift */,
			);
			path = Utils;
			sourceTree = "<group>";
		};
		D5D351162C1E38C400839D80 /* Views */ = {
			isa = PBXGroup;
			children = (
				D5D351172C1E38D200839D80 /* PlaceView.swift */,
				D5B2C41C2C1EB25C005C090A /* SearchOptionsView.swift */,
				D5B2C41E2C1EBA1E005C090A /* SearchBarView.swift */,
				D5B2C4202C1EC05F005C090A /* PlaceListView.swift */,
				D5B2C4242C1ED641005C090A /* SelectedPlaceDetailView.swift */,
				D5B2C4262C1EFDA6005C090A /* ActionButtonsView.swift */,
			);
			path = Views;
			sourceTree = "<group>";
		};
/* End PBXGroup section */

/* Begin PBXNativeTarget section */
		D5D350FB2C1E11AA00839D80 /* NearMeSwiftUI */ = {
			isa = PBXNativeTarget;
			buildConfigurationList = D5D3510A2C1E11AE00839D80 /* Build configuration list for PBXNativeTarget "NearMeSwiftUI" */;
			buildPhases = (
				D5D350F82C1E11AA00839D80 /* Sources */,
				D5D350F92C1E11AA00839D80 /* Frameworks */,
				D5D350FA2C1E11AA00839D80 /* Resources */,
			);
			buildRules = (
			);
			dependencies = (
			);
			name = NearMeSwiftUI;
			productName = NearMeSwiftUI;
			productReference = D5D350FC2C1E11AA00839D80 /* NearMeSwiftUI.app */;
			productType = "com.apple.product-type.application";
		};
/* End PBXNativeTarget section */

/* Begin PBXProject section */
		D5D350F42C1E11AA00839D80 /* Project object */ = {
			isa = PBXProject;
			attributes = {
				BuildIndependentTargetsInParallel = 1;
				LastSwiftUpdateCheck = 1540;
				LastUpgradeCheck = 1540;
				TargetAttributes = {
					D5D350FB2C1E11AA00839D80 = {
						CreatedOnToolsVersion = 15.4;
					};
				};
			};
			buildConfigurationList = D5D350F72C1E11AA00839D80 /* Build configuration list for PBXProject "NearMeSwiftUI" */;
			compatibilityVersion = "Xcode 14.0";
			developmentRegion = en;
			hasScannedForEncodings = 0;
			knownRegions = (
				en,
				Base,
			);
			mainGroup = D5D350F32C1E11AA00839D80;
			productRefGroup = D5D350FD2C1E11AA00839D80 /* Products */;
			projectDirPath = "";
			projectRoot = "";
			targets = (
				D5D350FB2C1E11AA00839D80 /* NearMeSwiftUI */,
			);
		};
/* End PBXProject section */

/* Begin PBXResourcesBuildPhase section */
		D5D350FA2C1E11AA00839D80 /* Resources */ = {
			isa = PBXResourcesBuildPhase;
			buildActionMask = 2147483647;
			files = (
				D5D351072C1E11AE00839D80 /* Preview Assets.xcassets in Resources */,
				D5D351042C1E11AE00839D80 /* Assets.xcassets in Resources */,
			);
			runOnlyForDeploymentPostprocessing = 0;
		};
/* End PBXResourcesBuildPhase section */

/* Begin PBXSourcesBuildPhase section */
		D5D350F82C1E11AA00839D80 /* Sources */ = {
			isa = PBXSourcesBuildPhase;
			buildActionMask = 2147483647;
			files = (
				D5D351182C1E38D200839D80 /* PlaceView.swift in Sources */,
				D5B2C4232C1EC725005C090A /* MeasurmentFormatter.swift in Sources */,
				D5B2C41F2C1EBA1E005C090A /* SearchBarView.swift in Sources */,
				D5B2C4212C1EC05F005C090A /* PlaceListView.swift in Sources */,
				D5B2C4252C1ED641005C090A /* SelectedPlaceDetailView.swift in Sources */,
				D5D351022C1E11AA00839D80 /* ContentView.swift in Sources */,
				D5D351002C1E11AA00839D80 /* NearMeSwiftUIApp.swift in Sources */,
				D5D3510F2C1E18C400839D80 /* LocationManager.swift in Sources */,
				D5D3511A2C1E399E00839D80 /* MKMapItem.swift in Sources */,
				D5D351152C1E23E500839D80 /* MapUtilities.swift in Sources */,
				D5B2C4272C1EFDA7005C090A /* ActionButtonsView.swift in Sources */,
				D5D351122C1E22DC00839D80 /* MKCoordinateRegion.swift in Sources */,
				D5B2C41D2C1EB25C005C090A /* SearchOptionsView.swift in Sources */,
			);
			runOnlyForDeploymentPostprocessing = 0;
		};
/* End PBXSourcesBuildPhase section */

/* Begin XCBuildConfiguration section */
		D5D351082C1E11AE00839D80 /* Debug */ = {
			isa = XCBuildConfiguration;
			buildSettings = {
				ALWAYS_SEARCH_USER_PATHS = NO;
				ASSETCATALOG_COMPILER_GENERATE_SWIFT_ASSET_SYMBOL_EXTENSIONS = YES;
				CLANG_ANALYZER_NONNULL = YES;
				CLANG_ANALYZER_NUMBER_OBJECT_CONVERSION = YES_AGGRESSIVE;
				CLANG_CXX_LANGUAGE_STANDARD = "gnu++20";
				CLANG_ENABLE_MODULES = YES;
				CLANG_ENABLE_OBJC_ARC = YES;
				CLANG_ENABLE_OBJC_WEAK = YES;
				CLANG_WARN_BLOCK_CAPTURE_AUTORELEASING = YES;
				CLANG_WARN_BOOL_CONVERSION = YES;
				CLANG_WARN_COMMA = YES;
				CLANG_WARN_CONSTANT_CONVERSION = YES;
				CLANG_WARN_DEPRECATED_OBJC_IMPLEMENTATIONS = YES;
				CLANG_WARN_DIRECT_OBJC_ISA_USAGE = YES_ERROR;
				CLANG_WARN_DOCUMENTATION_COMMENTS = YES;
				CLANG_WARN_EMPTY_BODY = YES;
				CLANG_WARN_ENUM_CONVERSION = YES;
				CLANG_WARN_INFINITE_RECURSION = YES;
				CLANG_WARN_INT_CONVERSION = YES;
				CLANG_WARN_NON_LITERAL_NULL_CONVERSION = YES;
				CLANG_WARN_OBJC_IMPLICIT_RETAIN_SELF = YES;
				CLANG_WARN_OBJC_LITERAL_CONVERSION = YES;
				CLANG_WARN_OBJC_ROOT_CLASS = YES_ERROR;
				CLANG_WARN_QUOTED_INCLUDE_IN_FRAMEWORK_HEADER = YES;
				CLANG_WARN_RANGE_LOOP_ANALYSIS = YES;
				CLANG_WARN_STRICT_PROTOTYPES = YES;
				CLANG_WARN_SUSPICIOUS_MOVE = YES;
				CLANG_WARN_UNGUARDED_AVAILABILITY = YES_AGGRESSIVE;
				CLANG_WARN_UNREACHABLE_CODE = YES;
				CLANG_WARN__DUPLICATE_METHOD_MATCH = YES;
				COPY_PHASE_STRIP = NO;
				DEBUG_INFORMATION_FORMAT = dwarf;
				ENABLE_STRICT_OBJC_MSGSEND = YES;
				ENABLE_TESTABILITY = YES;
				ENABLE_USER_SCRIPT_SANDBOXING = YES;
				GCC_C_LANGUAGE_STANDARD = gnu17;
				GCC_DYNAMIC_NO_PIC = NO;
				GCC_NO_COMMON_BLOCKS = YES;
				GCC_OPTIMIZATION_LEVEL = 0;
				GCC_PREPROCESSOR_DEFINITIONS = (
					"DEBUG=1",
					"$(inherited)",
				);
				GCC_WARN_64_TO_32_BIT_CONVERSION = YES;
				GCC_WARN_ABOUT_RETURN_TYPE = YES_ERROR;
				GCC_WARN_UNDECLARED_SELECTOR = YES;
				GCC_WARN_UNINITIALIZED_AUTOS = YES_AGGRESSIVE;
				GCC_WARN_UNUSED_FUNCTION = YES;
				GCC_WARN_UNUSED_VARIABLE = YES;
				IPHONEOS_DEPLOYMENT_TARGET = 17.5;
				LOCALIZATION_PREFERS_STRING_CATALOGS = YES;
				MTL_ENABLE_DEBUG_INFO = INCLUDE_SOURCE;
				MTL_FAST_MATH = YES;
				ONLY_ACTIVE_ARCH = YES;
				SDKROOT = iphoneos;
				SWIFT_ACTIVE_COMPILATION_CONDITIONS = "DEBUG $(inherited)";
				SWIFT_OPTIMIZATION_LEVEL = "-Onone";
			};
			name = Debug;
		};
		D5D351092C1E11AE00839D80 /* Release */ = {
			isa = XCBuildConfiguration;
			buildSettings = {
				ALWAYS_SEARCH_USER_PATHS = NO;
				ASSETCATALOG_COMPILER_GENERATE_SWIFT_ASSET_SYMBOL_EXTENSIONS = YES;
				CLANG_ANALYZER_NONNULL = YES;
				CLANG_ANALYZER_NUMBER_OBJECT_CONVERSION = YES_AGGRESSIVE;
				CLANG_CXX_LANGUAGE_STANDARD = "gnu++20";
				CLANG_ENABLE_MODULES = YES;
				CLANG_ENABLE_OBJC_ARC = YES;
				CLANG_ENABLE_OBJC_WEAK = YES;
				CLANG_WARN_BLOCK_CAPTURE_AUTORELEASING = YES;
				CLANG_WARN_BOOL_CONVERSION = YES;
				CLANG_WARN_COMMA = YES;
				CLANG_WARN_CONSTANT_CONVERSION = YES;
				CLANG_WARN_DEPRECATED_OBJC_IMPLEMENTATIONS = YES;
				CLANG_WARN_DIRECT_OBJC_ISA_USAGE = YES_ERROR;
				CLANG_WARN_DOCUMENTATION_COMMENTS = YES;
				CLANG_WARN_EMPTY_BODY = YES;
				CLANG_WARN_ENUM_CONVERSION = YES;
				CLANG_WARN_INFINITE_RECURSION = YES;
				CLANG_WARN_INT_CONVERSION = YES;
				CLANG_WARN_NON_LITERAL_NULL_CONVERSION = YES;
				CLANG_WARN_OBJC_IMPLICIT_RETAIN_SELF = YES;
				CLANG_WARN_OBJC_LITERAL_CONVERSION = YES;
				CLANG_WARN_OBJC_ROOT_CLASS = YES_ERROR;
				CLANG_WARN_QUOTED_INCLUDE_IN_FRAMEWORK_HEADER = YES;
				CLANG_WARN_RANGE_LOOP_ANALYSIS = YES;
				CLANG_WARN_STRICT_PROTOTYPES = YES;
				CLANG_WARN_SUSPICIOUS_MOVE = YES;
				CLANG_WARN_UNGUARDED_AVAILABILITY = YES_AGGRESSIVE;
				CLANG_WARN_UNREACHABLE_CODE = YES;
				CLANG_WARN__DUPLICATE_METHOD_MATCH = YES;
				COPY_PHASE_STRIP = NO;
				DEBUG_INFORMATION_FORMAT = "dwarf-with-dsym";
				ENABLE_NS_ASSERTIONS = NO;
				ENABLE_STRICT_OBJC_MSGSEND = YES;
				ENABLE_USER_SCRIPT_SANDBOXING = YES;
				GCC_C_LANGUAGE_STANDARD = gnu17;
				GCC_NO_COMMON_BLOCKS = YES;
				GCC_WARN_64_TO_32_BIT_CONVERSION = YES;
				GCC_WARN_ABOUT_RETURN_TYPE = YES_ERROR;
				GCC_WARN_UNDECLARED_SELECTOR = YES;
				GCC_WARN_UNINITIALIZED_AUTOS = YES_AGGRESSIVE;
				GCC_WARN_UNUSED_FUNCTION = YES;
				GCC_WARN_UNUSED_VARIABLE = YES;
				IPHONEOS_DEPLOYMENT_TARGET = 17.5;
				LOCALIZATION_PREFERS_STRING_CATALOGS = YES;
				MTL_ENABLE_DEBUG_INFO = NO;
				MTL_FAST_MATH = YES;
				SDKROOT = iphoneos;
				SWIFT_COMPILATION_MODE = wholemodule;
				VALIDATE_PRODUCT = YES;
			};
			name = Release;
		};
		D5D3510B2C1E11AE00839D80 /* Debug */ = {
			isa = XCBuildConfiguration;
			buildSettings = {
				ASSETCATALOG_COMPILER_APPICON_NAME = AppIcon;
				ASSETCATALOG_COMPILER_GLOBAL_ACCENT_COLOR_NAME = AccentColor;
				CODE_SIGN_STYLE = Automatic;
				CURRENT_PROJECT_VERSION = 1;
				DEVELOPMENT_ASSET_PATHS = "\"NearMeSwiftUI/Preview Content\"";
				ENABLE_PREVIEWS = YES;
				GENERATE_INFOPLIST_FILE = YES;
				INFOPLIST_KEY_NSLocationWhenInUseUsageDescription = "";
				INFOPLIST_KEY_UIApplicationSceneManifest_Generation = YES;
				INFOPLIST_KEY_UIApplicationSupportsIndirectInputEvents = YES;
				INFOPLIST_KEY_UILaunchScreen_Generation = YES;
				INFOPLIST_KEY_UISupportedInterfaceOrientations_iPad = "UIInterfaceOrientationPortrait UIInterfaceOrientationPortraitUpsideDown UIInterfaceOrientationLandscapeLeft UIInterfaceOrientationLandscapeRight";
				INFOPLIST_KEY_UISupportedInterfaceOrientations_iPhone = "UIInterfaceOrientationPortrait UIInterfaceOrientationLandscapeLeft UIInterfaceOrientationLandscapeRight";
				LD_RUNPATH_SEARCH_PATHS = (
					"$(inherited)",
					"@executable_path/Frameworks",
				);
				MARKETING_VERSION = 1.0;
				PRODUCT_BUNDLE_IDENTIFIER = app.hardibsalih.NearMeSwiftUI;
				PRODUCT_NAME = "$(TARGET_NAME)";
				SWIFT_EMIT_LOC_STRINGS = YES;
				SWIFT_VERSION = 5.0;
				TARGETED_DEVICE_FAMILY = "1,2";
			};
			name = Debug;
		};
		D5D3510C2C1E11AE00839D80 /* Release */ = {
			isa = XCBuildConfiguration;
			buildSettings = {
				ASSETCATALOG_COMPILER_APPICON_NAME = AppIcon;
				ASSETCATALOG_COMPILER_GLOBAL_ACCENT_COLOR_NAME = AccentColor;
				CODE_SIGN_STYLE = Automatic;
				CURRENT_PROJECT_VERSION = 1;
				DEVELOPMENT_ASSET_PATHS = "\"NearMeSwiftUI/Preview Content\"";
				ENABLE_PREVIEWS = YES;
				GENERATE_INFOPLIST_FILE = YES;
				INFOPLIST_KEY_NSLocationWhenInUseUsageDescription = "";
				INFOPLIST_KEY_UIApplicationSceneManifest_Generation = YES;
				INFOPLIST_KEY_UIApplicationSupportsIndirectInputEvents = YES;
				INFOPLIST_KEY_UILaunchScreen_Generation = YES;
				INFOPLIST_KEY_UISupportedInterfaceOrientations_iPad = "UIInterfaceOrientationPortrait UIInterfaceOrientationPortraitUpsideDown UIInterfaceOrientationLandscapeLeft UIInterfaceOrientationLandscapeRight";
				INFOPLIST_KEY_UISupportedInterfaceOrientations_iPhone = "UIInterfaceOrientationPortrait UIInterfaceOrientationLandscapeLeft UIInterfaceOrientationLandscapeRight";
				LD_RUNPATH_SEARCH_PATHS = (
					"$(inherited)",
					"@executable_path/Frameworks",
				);
				MARKETING_VERSION = 1.0;
				PRODUCT_BUNDLE_IDENTIFIER = app.hardibsalih.NearMeSwiftUI;
				PRODUCT_NAME = "$(TARGET_NAME)";
				SWIFT_EMIT_LOC_STRINGS = YES;
				SWIFT_VERSION = 5.0;
				TARGETED_DEVICE_FAMILY = "1,2";
			};
			name = Release;
		};
/* End XCBuildConfiguration section */

/* Begin XCConfigurationList section */
		D5D350F72C1E11AA00839D80 /* Build configuration list for PBXProject "NearMeSwiftUI" */ = {
			isa = XCConfigurationList;
			buildConfigurations = (
				D5D351082C1E11AE00839D80 /* Debug */,
				D5D351092C1E11AE00839D80 /* Release */,
			);
			defaultConfigurationIsVisible = 0;
			defaultConfigurationName = Release;
		};
		D5D3510A2C1E11AE00839D80 /* Build configuration list for PBXNativeTarget "NearMeSwiftUI" */ = {
			isa = XCConfigurationList;
			buildConfigurations = (
				D5D3510B2C1E11AE00839D80 /* Debug */,
				D5D3510C2C1E11AE00839D80 /* Release */,
			);
			defaultConfigurationIsVisible = 0;
			defaultConfigurationName = Release;
		};
/* End XCConfigurationList section */
	};
	rootObject = D5D350F42C1E11AA00839D80 /* Project object */;
}
